
Microsoft Visual Studio Solution File, Format Version 12.00
# Visual Studio 15
VisualStudioVersion = 15.0.28306.52
MinimumVisualStudioVersion = 10.0.40219.1
Project("{FAE04EC0-301F-11D3-BF4B-00C04F79EFBC}") = "PluralSight", "PluralSight\PluralSight.csproj", "{0F02050A-4E99-47C4-A844-0F139B1951C2}"
EndProject
Project("{FAE04EC0-301F-11D3-BF4B-00C04F79EFBC}") = "OdeToFood.Core", "OdeToFood.Core\OdeToFood.Core.csproj", "{CEC7D65B-9287-456D-B293-FE478246B81F}"
EndProject
Project("{FAE04EC0-301F-11D3-BF4B-00C04F79EFBC}") = "OdeToFood.Data", "OdeToFood.Data\OdeToFood.Data.csproj", "{014D3C26-7998-40E7-9EAA-10E87CF2990C}"
EndProject
Global
	GlobalSection(SolutionConfigurationPlatforms) = preSolution
		Debug|Any CPU = Debug|Any CPU
		Release|Any CPU = Release|Any CPU
	EndGlobalSection
	GlobalSection(ProjectConfigurationPlatforms) = postSolution
		{0F02050A-4E99-47C4-A844-0F139B1951C2}.Debug|Any CPU.ActiveCfg = Debug|Any CPU
		{0F02050A-4E99-47C4-A844-0F139B1951C2}.Debug|Any CPU.Build.0 = Debug|Any CPU
		{0F02050A-4E99-47C4-A844-0F139B1951C2}.Release|Any CPU.ActiveCfg = Release|Any CPU
		{0F02050A-4E99-47C4-A844-0F139B1951C2}.Release|Any CPU.Build.0 = Release|Any CPU
		{CEC7D65B-9287-456D-B293-FE478246B81F}.Debug|Any CPU.ActiveCfg = Debug|Any CPU
		{CEC7D65B-9287-456D-B293-FE478246B81F}.Debug|Any CPU.Build.0 = Debug|Any CPU
		{CEC7D65B-9287-456D-B293-FE478246B81F}.Release|Any CPU.ActiveCfg = Release|Any CPU
		{CEC7D65B-9287-456D-B293-FE478246B81F}.Release|Any CPU.Build.0 = Release|Any CPU
		{014D3C26-7998-40E7-9EAA-10E87CF2990C}.Debug|Any CPU.ActiveCfg = Debug|Any CPU
		{014D3C26-7998-40E7-9EAA-10E87CF2990C}.Debug|Any CPU.Build.0 = Debug|Any CPU
		{014D3C26-7998-40E7-9EAA-10E87CF2990C}.Release|Any CPU.ActiveCfg = Release|Any CPU
		{014D3C26-7998-40E7-9EAA-10E87CF2990C}.Release|Any CPU.Build.0 = Release|Any CPU
	EndGlobalSection
	GlobalSection(SolutionProperties) = preSolution
		HideSolutionNode = FALSE
	EndGlobalSection
	GlobalSection(ExtensibilityGlobals) = postSolution
		SolutionGuid = {7BCCFD3F-8E36-4F61-8EB5-C1C0848E959B}
	EndGlobalSection
EndGlobal
